// !$*UTF8*$!
{
	archiveVersion = 1;
	classes = {
	};
	objectVersion = 46;
	objects = {

/* Begin PBXBuildFile section */
		0C55A7751E51533900AE2E44 /* main.m in Sources */ = {isa = PBXBuildFile; fileRef = 0C55A7741E51533900AE2E44 /* main.m */; };
		0C55A7781E51533900AE2E44 /* AppDelegate.m in Sources */ = {isa = PBXBuildFile; fileRef = 0C55A7771E51533900AE2E44 /* AppDelegate.m */; };
		0C55A77E1E51533900AE2E44 /* Main.storyboard in Resources */ = {isa = PBXBuildFile; fileRef = 0C55A77C1E51533900AE2E44 /* Main.storyboard */; };
		0C55A7801E51533900AE2E44 /* Assets.xcassets in Resources */ = {isa = PBXBuildFile; fileRef = 0C55A77F1E51533900AE2E44 /* Assets.xcassets */; };
		0C55A7831E51533900AE2E44 /* LaunchScreen.storyboard in Resources */ = {isa = PBXBuildFile; fileRef = 0C55A7811E51533900AE2E44 /* LaunchScreen.storyboard */; };
		0C55A79A1E51591300AE2E44 /* TAAbstractDotView.m in Sources */ = {isa = PBXBuildFile; fileRef = 0C55A78D1E51591300AE2E44 /* TAAbstractDotView.m */; };
		0C55A79B1E51591300AE2E44 /* TAAnimatedDotView.m in Sources */ = {isa = PBXBuildFile; fileRef = 0C55A78F1E51591300AE2E44 /* TAAnimatedDotView.m */; };
		0C55A79C1E51591300AE2E44 /* TADotView.m in Sources */ = {isa = PBXBuildFile; fileRef = 0C55A7911E51591300AE2E44 /* TADotView.m */; };
		0C55A79D1E51591300AE2E44 /* TAPageControl.m in Sources */ = {isa = PBXBuildFile; fileRef = 0C55A7931E51591300AE2E44 /* TAPageControl.m */; };
		0C55A79E1E51591300AE2E44 /* ZWCollectionViewCell.m in Sources */ = {isa = PBXBuildFile; fileRef = 0C55A7951E51591300AE2E44 /* ZWCollectionViewCell.m */; };
		0C55A79F1E51591300AE2E44 /* ZWCycleImageView.m in Sources */ = {isa = PBXBuildFile; fileRef = 0C55A7971E51591300AE2E44 /* ZWCycleImageView.m */; };
		0C55A7A01E51591300AE2E44 /* UIView+SDExtension.m in Sources */ = {isa = PBXBuildFile; fileRef = 0C55A7991E51591300AE2E44 /* UIView+SDExtension.m */; };
		0C55A7AC1E51601A00AE2E44 /* 005.jpg in Resources */ = {isa = PBXBuildFile; fileRef = 0C55A7A21E51601A00AE2E44 /* 005.jpg */; };
		0C55A7AD1E51601A00AE2E44 /* h1.jpg in Resources */ = {isa = PBXBuildFile; fileRef = 0C55A7A31E51601A00AE2E44 /* h1.jpg */; };
		0C55A7AE1E51601A00AE2E44 /* h2.jpg in Resources */ = {isa = PBXBuildFile; fileRef = 0C55A7A41E51601A00AE2E44 /* h2.jpg */; };
		0C55A7AF1E51601A00AE2E44 /* h3.jpg in Resources */ = {isa = PBXBuildFile; fileRef = 0C55A7A51E51601A00AE2E44 /* h3.jpg */; };
		0C55A7B01E51601A00AE2E44 /* h4.jpg in Resources */ = {isa = PBXBuildFile; fileRef = 0C55A7A61E51601A00AE2E44 /* h4.jpg */; };
		0C55A7B11E51601A00AE2E44 /* pageControlCurrentDot@2x.png in Resources */ = {isa = PBXBuildFile; fileRef = 0C55A7A71E51601A00AE2E44 /* pageControlCurrentDot@2x.png */; };
		0C55A7B21E51601A00AE2E44 /* pageControlCurrentDot@3x.png in Resources */ = {isa = PBXBuildFile; fileRef = 0C55A7A81E51601A00AE2E44 /* pageControlCurrentDot@3x.png */; };
		0C55A7B31E51601A00AE2E44 /* pageControlDot@2x.png in Resources */ = {isa = PBXBuildFile; fileRef = 0C55A7A91E51601A00AE2E44 /* pageControlDot@2x.png */; };
		0C55A7B41E51601A00AE2E44 /* pageControlDot@3x.png in Resources */ = {isa = PBXBuildFile; fileRef = 0C55A7AA1E51601A00AE2E44 /* pageControlDot@3x.png */; };
		0C55A7B51E51601A00AE2E44 /* placeholder@2x.png in Resources */ = {isa = PBXBuildFile; fileRef = 0C55A7AB1E51601A00AE2E44 /* placeholder@2x.png */; };
		0C55A7B81E51681900AE2E44 /* ZWCycleImageDEMOViewController.m in Sources */ = {isa = PBXBuildFile; fileRef = 0C55A7B71E51681900AE2E44 /* ZWCycleImageDEMOViewController.m */; };
		0C55A7BC1E51802F00AE2E44 /* ZWHelper.m in Sources */ = {isa = PBXBuildFile; fileRef = 0C55A7BB1E51802F00AE2E44 /* ZWHelper.m */; };
		0C55A7BF1E5181BC00AE2E44 /* ZWAFNetworking.m in Sources */ = {isa = PBXBuildFile; fileRef = 0C55A7BE1E5181BC00AE2E44 /* ZWAFNetworking.m */; };
		0C55A7FE1E51980A00AE2E44 /* YZWFirstViewController.m in Sources */ = {isa = PBXBuildFile; fileRef = 0C55A7FD1E51980A00AE2E44 /* YZWFirstViewController.m */; };
		0C55A8011E51982200AE2E44 /* YZWSecondViewController.m in Sources */ = {isa = PBXBuildFile; fileRef = 0C55A8001E51982200AE2E44 /* YZWSecondViewController.m */; };
		0C55A8041E51983000AE2E44 /* YZWThirdViewController.m in Sources */ = {isa = PBXBuildFile; fileRef = 0C55A8031E51983000AE2E44 /* YZWThirdViewController.m */; };
		0C55A8071E51984000AE2E44 /* YZWFourthViewController.m in Sources */ = {isa = PBXBuildFile; fileRef = 0C55A8061E51984000AE2E44 /* YZWFourthViewController.m */; };
		0C55A8251E519C4D00AE2E44 /* fifth_normal.png in Resources */ = {isa = PBXBuildFile; fileRef = 0C55A8091E519C4D00AE2E44 /* fifth_normal.png */; };
		0C55A8261E519C4D00AE2E44 /* fifth_normal@2x.png in Resources */ = {isa = PBXBuildFile; fileRef = 0C55A80A1E519C4D00AE2E44 /* fifth_normal@2x.png */; };
		0C55A8271E519C4D00AE2E44 /* fifth_selected.png in Resources */ = {isa = PBXBuildFile; fileRef = 0C55A80B1E519C4D00AE2E44 /* fifth_selected.png */; };
		0C55A8281E519C4D00AE2E44 /* fifth_selected@2x.png in Resources */ = {isa = PBXBuildFile; fileRef = 0C55A80C1E519C4D00AE2E44 /* fifth_selected@2x.png */; };
		0C55A8291E519C4D00AE2E44 /* first_normal.png in Resources */ = {isa = PBXBuildFile; fileRef = 0C55A80D1E519C4D00AE2E44 /* first_normal.png */; };
		0C55A82A1E519C4D00AE2E44 /* first_normal@2x.png in Resources */ = {isa = PBXBuildFile; fileRef = 0C55A80E1E519C4D00AE2E44 /* first_normal@2x.png */; };
		0C55A82B1E519C4D00AE2E44 /* first_selected.png in Resources */ = {isa = PBXBuildFile; fileRef = 0C55A80F1E519C4D00AE2E44 /* first_selected.png */; };
		0C55A82C1E519C4D00AE2E44 /* first_selected@2x.png in Resources */ = {isa = PBXBuildFile; fileRef = 0C55A8101E519C4D00AE2E44 /* first_selected@2x.png */; };
		0C55A82D1E519C4D00AE2E44 /* fourth_normal.png in Resources */ = {isa = PBXBuildFile; fileRef = 0C55A8111E519C4D00AE2E44 /* fourth_normal.png */; };
		0C55A82E1E519C4D00AE2E44 /* fourth_normal@2x.png in Resources */ = {isa = PBXBuildFile; fileRef = 0C55A8121E519C4D00AE2E44 /* fourth_normal@2x.png */; };
		0C55A82F1E519C4D00AE2E44 /* fourth_selected.png in Resources */ = {isa = PBXBuildFile; fileRef = 0C55A8131E519C4D00AE2E44 /* fourth_selected.png */; };
		0C55A8301E519C4D00AE2E44 /* fourth_selected@2x.png in Resources */ = {isa = PBXBuildFile; fileRef = 0C55A8141E519C4D00AE2E44 /* fourth_selected@2x.png */; };
		0C55A8311E519C4D00AE2E44 /* navigationbar_background.png in Resources */ = {isa = PBXBuildFile; fileRef = 0C55A8151E519C4D00AE2E44 /* navigationbar_background.png */; };
		0C55A8321E519C4D00AE2E44 /* navigationbar_background@2x.png in Resources */ = {isa = PBXBuildFile; fileRef = 0C55A8161E519C4D00AE2E44 /* navigationbar_background@2x.png */; };
		0C55A8331E519C4D00AE2E44 /* navigationbar_background_tall.png in Resources */ = {isa = PBXBuildFile; fileRef = 0C55A8171E519C4D00AE2E44 /* navigationbar_background_tall.png */; };
		0C55A8341E519C4D00AE2E44 /* navigationbar_background_tall@2x.png in Resources */ = {isa = PBXBuildFile; fileRef = 0C55A8181E519C4D00AE2E44 /* navigationbar_background_tall@2x.png */; };
		0C55A8351E519C4D00AE2E44 /* second_normal.png in Resources */ = {isa = PBXBuildFile; fileRef = 0C55A8191E519C4D00AE2E44 /* second_normal.png */; };
		0C55A8361E519C4D00AE2E44 /* second_normal@2x.png in Resources */ = {isa = PBXBuildFile; fileRef = 0C55A81A1E519C4D00AE2E44 /* second_normal@2x.png */; };
		0C55A8371E519C4D00AE2E44 /* second_selected.png in Resources */ = {isa = PBXBuildFile; fileRef = 0C55A81B1E519C4D00AE2E44 /* second_selected.png */; };
		0C55A8381E519C4D00AE2E44 /* second_selected@2x.png in Resources */ = {isa = PBXBuildFile; fileRef = 0C55A81C1E519C4D00AE2E44 /* second_selected@2x.png */; };
		0C55A8391E519C4D00AE2E44 /* tabbar_normal_background.png in Resources */ = {isa = PBXBuildFile; fileRef = 0C55A81D1E519C4D00AE2E44 /* tabbar_normal_background.png */; };
		0C55A83A1E519C4D00AE2E44 /* tabbar_normal_background@2x.png in Resources */ = {isa = PBXBuildFile; fileRef = 0C55A81E1E519C4D00AE2E44 /* tabbar_normal_background@2x.png */; };
		0C55A83B1E519C4D00AE2E44 /* tabbar_selected_background.png in Resources */ = {isa = PBXBuildFile; fileRef = 0C55A81F1E519C4D00AE2E44 /* tabbar_selected_background.png */; };
		0C55A83C1E519C4D00AE2E44 /* tabbar_selected_background@2x.png in Resources */ = {isa = PBXBuildFile; fileRef = 0C55A8201E519C4D00AE2E44 /* tabbar_selected_background@2x.png */; };
		0C55A83D1E519C4D00AE2E44 /* third_normal.png in Resources */ = {isa = PBXBuildFile; fileRef = 0C55A8211E519C4D00AE2E44 /* third_normal.png */; };
		0C55A83E1E519C4D00AE2E44 /* third_normal@2x.png in Resources */ = {isa = PBXBuildFile; fileRef = 0C55A8221E519C4D00AE2E44 /* third_normal@2x.png */; };
		0C55A83F1E519C4D00AE2E44 /* third_selected.png in Resources */ = {isa = PBXBuildFile; fileRef = 0C55A8231E519C4D00AE2E44 /* third_selected.png */; };
		0C55A8401E519C4D00AE2E44 /* third_selected@2x.png in Resources */ = {isa = PBXBuildFile; fileRef = 0C55A8241E519C4D00AE2E44 /* third_selected@2x.png */; };
		0C55A8451E519DE500AE2E44 /* YZWFifthViewController.m in Sources */ = {isa = PBXBuildFile; fileRef = 0C55A8441E519DE500AE2E44 /* YZWFifthViewController.m */; };
		0C55A8481E519E0600AE2E44 /* ZWRootViewController.m in Sources */ = {isa = PBXBuildFile; fileRef = 0C55A8471E519E0600AE2E44 /* ZWRootViewController.m */; };
		820738F9A1CA23D35F306575 /* libPods-ZWCycleImageView.a in Frameworks */ = {isa = PBXBuildFile; fileRef = 2F5C95F3356C06B1286E8718 /* libPods-ZWCycleImageView.a */; };
/* End PBXBuildFile section */

/* Begin PBXFileReference section */
		0C55A7701E51533900AE2E44 /* ZWCycleImageView.app */ = {isa = PBXFileReference; explicitFileType = wrapper.application; includeInIndex = 0; path = ZWCycleImageView.app; sourceTree = BUILT_PRODUCTS_DIR; };
		0C55A7741E51533900AE2E44 /* main.m */ = {isa = PBXFileReference; lastKnownFileType = sourcecode.c.objc; path = main.m; sourceTree = "<group>"; };
		0C55A7761E51533900AE2E44 /* AppDelegate.h */ = {isa = PBXFileReference; lastKnownFileType = sourcecode.c.h; path = AppDelegate.h; sourceTree = "<group>"; };
		0C55A7771E51533900AE2E44 /* AppDelegate.m */ = {isa = PBXFileReference; lastKnownFileType = sourcecode.c.objc; path = AppDelegate.m; sourceTree = "<group>"; };
		0C55A77D1E51533900AE2E44 /* Base */ = {isa = PBXFileReference; lastKnownFileType = file.storyboard; name = Base; path = Base.lproj/Main.storyboard; sourceTree = "<group>"; };
		0C55A77F1E51533900AE2E44 /* Assets.xcassets */ = {isa = PBXFileReference; lastKnownFileType = folder.assetcatalog; path = Assets.xcassets; sourceTree = "<group>"; };
		0C55A7821E51533900AE2E44 /* Base */ = {isa = PBXFileReference; lastKnownFileType = file.storyboard; name = Base; path = Base.lproj/LaunchScreen.storyboard; sourceTree = "<group>"; };
		0C55A7841E51533900AE2E44 /* Info.plist */ = {isa = PBXFileReference; lastKnownFileType = text.plist.xml; path = Info.plist; sourceTree = "<group>"; };
		0C55A78C1E51591300AE2E44 /* TAAbstractDotView.h */ = {isa = PBXFileReference; fileEncoding = 4; lastKnownFileType = sourcecode.c.h; path = TAAbstractDotView.h; sourceTree = "<group>"; };
		0C55A78D1E51591300AE2E44 /* TAAbstractDotView.m */ = {isa = PBXFileReference; fileEncoding = 4; lastKnownFileType = sourcecode.c.objc; path = TAAbstractDotView.m; sourceTree = "<group>"; };
		0C55A78E1E51591300AE2E44 /* TAAnimatedDotView.h */ = {isa = PBXFileReference; fileEncoding = 4; lastKnownFileType = sourcecode.c.h; path = TAAnimatedDotView.h; sourceTree = "<group>"; };
		0C55A78F1E51591300AE2E44 /* TAAnimatedDotView.m */ = {isa = PBXFileReference; fileEncoding = 4; lastKnownFileType = sourcecode.c.objc; path = TAAnimatedDotView.m; sourceTree = "<group>"; };
		0C55A7901E51591300AE2E44 /* TADotView.h */ = {isa = PBXFileReference; fileEncoding = 4; lastKnownFileType = sourcecode.c.h; path = TADotView.h; sourceTree = "<group>"; };
		0C55A7911E51591300AE2E44 /* TADotView.m */ = {isa = PBXFileReference; fileEncoding = 4; lastKnownFileType = sourcecode.c.objc; path = TADotView.m; sourceTree = "<group>"; };
		0C55A7921E51591300AE2E44 /* TAPageControl.h */ = {isa = PBXFileReference; fileEncoding = 4; lastKnownFileType = sourcecode.c.h; path = TAPageControl.h; sourceTree = "<group>"; };
		0C55A7931E51591300AE2E44 /* TAPageControl.m */ = {isa = PBXFileReference; fileEncoding = 4; lastKnownFileType = sourcecode.c.objc; path = TAPageControl.m; sourceTree = "<group>"; };
		0C55A7941E51591300AE2E44 /* ZWCollectionViewCell.h */ = {isa = PBXFileReference; fileEncoding = 4; lastKnownFileType = sourcecode.c.h; path = ZWCollectionViewCell.h; sourceTree = "<group>"; };
		0C55A7951E51591300AE2E44 /* ZWCollectionViewCell.m */ = {isa = PBXFileReference; fileEncoding = 4; lastKnownFileType = sourcecode.c.objc; path = ZWCollectionViewCell.m; sourceTree = "<group>"; };
		0C55A7961E51591300AE2E44 /* ZWCycleImageView.h */ = {isa = PBXFileReference; fileEncoding = 4; lastKnownFileType = sourcecode.c.h; path = ZWCycleImageView.h; sourceTree = "<group>"; };
		0C55A7971E51591300AE2E44 /* ZWCycleImageView.m */ = {isa = PBXFileReference; fileEncoding = 4; lastKnownFileType = sourcecode.c.objc; path = ZWCycleImageView.m; sourceTree = "<group>"; };
		0C55A7981E51591300AE2E44 /* UIView+SDExtension.h */ = {isa = PBXFileReference; fileEncoding = 4; lastKnownFileType = sourcecode.c.h; path = "UIView+SDExtension.h"; sourceTree = "<group>"; };
		0C55A7991E51591300AE2E44 /* UIView+SDExtension.m */ = {isa = PBXFileReference; fileEncoding = 4; lastKnownFileType = sourcecode.c.objc; path = "UIView+SDExtension.m"; sourceTree = "<group>"; };
		0C55A7A21E51601A00AE2E44 /* 005.jpg */ = {isa = PBXFileReference; lastKnownFileType = image.jpeg; path = 005.jpg; sourceTree = "<group>"; };
		0C55A7A31E51601A00AE2E44 /* h1.jpg */ = {isa = PBXFileReference; lastKnownFileType = image.jpeg; path = h1.jpg; sourceTree = "<group>"; };
		0C55A7A41E51601A00AE2E44 /* h2.jpg */ = {isa = PBXFileReference; lastKnownFileType = image.jpeg; path = h2.jpg; sourceTree = "<group>"; };
		0C55A7A51E51601A00AE2E44 /* h3.jpg */ = {isa = PBXFileReference; lastKnownFileType = image.jpeg; path = h3.jpg; sourceTree = "<group>"; };
		0C55A7A61E51601A00AE2E44 /* h4.jpg */ = {isa = PBXFileReference; lastKnownFileType = image.jpeg; path = h4.jpg; sourceTree = "<group>"; };
		0C55A7A71E51601A00AE2E44 /* pageControlCurrentDot@2x.png */ = {isa = PBXFileReference; lastKnownFileType = image.png; path = "pageControlCurrentDot@2x.png"; sourceTree = "<group>"; };
		0C55A7A81E51601A00AE2E44 /* pageControlCurrentDot@3x.png */ = {isa = PBXFileReference; lastKnownFileType = image.png; path = "pageControlCurrentDot@3x.png"; sourceTree = "<group>"; };
		0C55A7A91E51601A00AE2E44 /* pageControlDot@2x.png */ = {isa = PBXFileReference; lastKnownFileType = image.png; path = "pageControlDot@2x.png"; sourceTree = "<group>"; };
		0C55A7AA1E51601A00AE2E44 /* pageControlDot@3x.png */ = {isa = PBXFileReference; lastKnownFileType = image.png; path = "pageControlDot@3x.png"; sourceTree = "<group>"; };
		0C55A7AB1E51601A00AE2E44 /* placeholder@2x.png */ = {isa = PBXFileReference; lastKnownFileType = image.png; path = "placeholder@2x.png"; sourceTree = "<group>"; };
		0C55A7B61E51681900AE2E44 /* ZWCycleImageDEMOViewController.h */ = {isa = PBXFileReference; fileEncoding = 4; lastKnownFileType = sourcecode.c.h; name = ZWCycleImageDEMOViewController.h; path = ../../ZWCycleImageDEMOViewController.h; sourceTree = "<group>"; };
		0C55A7B71E51681900AE2E44 /* ZWCycleImageDEMOViewController.m */ = {isa = PBXFileReference; fileEncoding = 4; lastKnownFileType = sourcecode.c.objc; name = ZWCycleImageDEMOViewController.m; path = ../../ZWCycleImageDEMOViewController.m; sourceTree = "<group>"; };
		0C55A7BA1E51802F00AE2E44 /* ZWHelper.h */ = {isa = PBXFileReference; fileEncoding = 4; lastKnownFileType = sourcecode.c.h; path = ZWHelper.h; sourceTree = "<group>"; };
		0C55A7BB1E51802F00AE2E44 /* ZWHelper.m */ = {isa = PBXFileReference; fileEncoding = 4; lastKnownFileType = sourcecode.c.objc; path = ZWHelper.m; sourceTree = "<group>"; };
		0C55A7BD1E5181BC00AE2E44 /* ZWAFNetworking.h */ = {isa = PBXFileReference; fileEncoding = 4; lastKnownFileType = sourcecode.c.h; path = ZWAFNetworking.h; sourceTree = "<group>"; };
		0C55A7BE1E5181BC00AE2E44 /* ZWAFNetworking.m */ = {isa = PBXFileReference; fileEncoding = 4; lastKnownFileType = sourcecode.c.objc; path = ZWAFNetworking.m; sourceTree = "<group>"; };
		0C55A7FC1E51980A00AE2E44 /* YZWFirstViewController.h */ = {isa = PBXFileReference; fileEncoding = 4; lastKnownFileType = sourcecode.c.h; path = YZWFirstViewController.h; sourceTree = "<group>"; };
		0C55A7FD1E51980A00AE2E44 /* YZWFirstViewController.m */ = {isa = PBXFileReference; fileEncoding = 4; lastKnownFileType = sourcecode.c.objc; path = YZWFirstViewController.m; sourceTree = "<group>"; };
		0C55A7FF1E51982200AE2E44 /* YZWSecondViewController.h */ = {isa = PBXFileReference; fileEncoding = 4; lastKnownFileType = sourcecode.c.h; path = YZWSecondViewController.h; sourceTree = "<group>"; };
		0C55A8001E51982200AE2E44 /* YZWSecondViewController.m */ = {isa = PBXFileReference; fileEncoding = 4; lastKnownFileType = sourcecode.c.objc; path = YZWSecondViewController.m; sourceTree = "<group>"; };
		0C55A8021E51983000AE2E44 /* YZWThirdViewController.h */ = {isa = PBXFileReference; fileEncoding = 4; lastKnownFileType = sourcecode.c.h; path = YZWThirdViewController.h; sourceTree = "<group>"; };
		0C55A8031E51983000AE2E44 /* YZWThirdViewController.m */ = {isa = PBXFileReference; fileEncoding = 4; lastKnownFileType = sourcecode.c.objc; path = YZWThirdViewController.m; sourceTree = "<group>"; };
		0C55A8051E51984000AE2E44 /* YZWFourthViewController.h */ = {isa = PBXFileReference; fileEncoding = 4; lastKnownFileType = sourcecode.c.h; path = YZWFourthViewController.h; sourceTree = "<group>"; };
		0C55A8061E51984000AE2E44 /* YZWFourthViewController.m */ = {isa = PBXFileReference; fileEncoding = 4; lastKnownFileType = sourcecode.c.objc; path = YZWFourthViewController.m; sourceTree = "<group>"; };
		0C55A8091E519C4D00AE2E44 /* fifth_normal.png */ = {isa = PBXFileReference; lastKnownFileType = image.png; path = fifth_normal.png; sourceTree = "<group>"; };
		0C55A80A1E519C4D00AE2E44 /* fifth_normal@2x.png */ = {isa = PBXFileReference; lastKnownFileType = image.png; path = "fifth_normal@2x.png"; sourceTree = "<group>"; };
		0C55A80B1E519C4D00AE2E44 /* fifth_selected.png */ = {isa = PBXFileReference; lastKnownFileType = image.png; path = fifth_selected.png; sourceTree = "<group>"; };
		0C55A80C1E519C4D00AE2E44 /* fifth_selected@2x.png */ = {isa = PBXFileReference; lastKnownFileType = image.png; path = "fifth_selected@2x.png"; sourceTree = "<group>"; };
		0C55A80D1E519C4D00AE2E44 /* first_normal.png */ = {isa = PBXFileReference; lastKnownFileType = image.png; path = first_normal.png; sourceTree = "<group>"; };
		0C55A80E1E519C4D00AE2E44 /* first_normal@2x.png */ = {isa = PBXFileReference; lastKnownFileType = image.png; path = "first_normal@2x.png"; sourceTree = "<group>"; };
		0C55A80F1E519C4D00AE2E44 /* first_selected.png */ = {isa = PBXFileReference; lastKnownFileType = image.png; path = first_selected.png; sourceTree = "<group>"; };
		0C55A8101E519C4D00AE2E44 /* first_selected@2x.png */ = {isa = PBXFileReference; lastKnownFileType = image.png; path = "first_selected@2x.png"; sourceTree = "<group>"; };
		0C55A8111E519C4D00AE2E44 /* fourth_normal.png */ = {isa = PBXFileReference; lastKnownFileType = image.png; path = fourth_normal.png; sourceTree = "<group>"; };
		0C55A8121E519C4D00AE2E44 /* fourth_normal@2x.png */ = {isa = PBXFileReference; lastKnownFileType = image.png; path = "fourth_normal@2x.png"; sourceTree = "<group>"; };
		0C55A8131E519C4D00AE2E44 /* fourth_selected.png */ = {isa = PBXFileReference; lastKnownFileType = image.png; path = fourth_selected.png; sourceTree = "<group>"; };
		0C55A8141E519C4D00AE2E44 /* fourth_selected@2x.png */ = {isa = PBXFileReference; lastKnownFileType = image.png; path = "fourth_selected@2x.png"; sourceTree = "<group>"; };
		0C55A8151E519C4D00AE2E44 /* navigationbar_background.png */ = {isa = PBXFileReference; lastKnownFileType = image.png; path = navigationbar_background.png; sourceTree = "<group>"; };
		0C55A8161E519C4D00AE2E44 /* navigationbar_background@2x.png */ = {isa = PBXFileReference; lastKnownFileType = image.png; path = "navigationbar_background@2x.png"; sourceTree = "<group>"; };
		0C55A8171E519C4D00AE2E44 /* navigationbar_background_tall.png */ = {isa = PBXFileReference; lastKnownFileType = image.png; path = navigationbar_background_tall.png; sourceTree = "<group>"; };
		0C55A8181E519C4D00AE2E44 /* navigationbar_background_tall@2x.png */ = {isa = PBXFileReference; lastKnownFileType = image.png; path = "navigationbar_background_tall@2x.png"; sourceTree = "<group>"; };
		0C55A8191E519C4D00AE2E44 /* second_normal.png */ = {isa = PBXFileReference; lastKnownFileType = image.png; path = second_normal.png; sourceTree = "<group>"; };
		0C55A81A1E519C4D00AE2E44 /* second_normal@2x.png */ = {isa = PBXFileReference; lastKnownFileType = image.png; path = "second_normal@2x.png"; sourceTree = "<group>"; };
		0C55A81B1E519C4D00AE2E44 /* second_selected.png */ = {isa = PBXFileReference; lastKnownFileType = image.png; path = second_selected.png; sourceTree = "<group>"; };
		0C55A81C1E519C4D00AE2E44 /* second_selected@2x.png */ = {isa = PBXFileReference; lastKnownFileType = image.png; path = "second_selected@2x.png"; sourceTree = "<group>"; };
		0C55A81D1E519C4D00AE2E44 /* tabbar_normal_background.png */ = {isa = PBXFileReference; lastKnownFileType = image.png; path = tabbar_normal_background.png; sourceTree = "<group>"; };
		0C55A81E1E519C4D00AE2E44 /* tabbar_normal_background@2x.png */ = {isa = PBXFileReference; lastKnownFileType = image.png; path = "tabbar_normal_background@2x.png"; sourceTree = "<group>"; };
		0C55A81F1E519C4D00AE2E44 /* tabbar_selected_background.png */ = {isa = PBXFileReference; lastKnownFileType = image.png; path = tabbar_selected_background.png; sourceTree = "<group>"; };
		0C55A8201E519C4D00AE2E44 /* tabbar_selected_background@2x.png */ = {isa = PBXFileReference; lastKnownFileType = image.png; path = "tabbar_selected_background@2x.png"; sourceTree = "<group>"; };
		0C55A8211E519C4D00AE2E44 /* third_normal.png */ = {isa = PBXFileReference; lastKnownFileType = image.png; path = third_normal.png; sourceTree = "<group>"; };
		0C55A8221E519C4D00AE2E44 /* third_normal@2x.png */ = {isa = PBXFileReference; lastKnownFileType = image.png; path = "third_normal@2x.png"; sourceTree = "<group>"; };
		0C55A8231E519C4D00AE2E44 /* third_selected.png */ = {isa = PBXFileReference; lastKnownFileType = image.png; path = third_selected.png; sourceTree = "<group>"; };
		0C55A8241E519C4D00AE2E44 /* third_selected@2x.png */ = {isa = PBXFileReference; lastKnownFileType = image.png; path = "third_selected@2x.png"; sourceTree = "<group>"; };
		0C55A8431E519DE500AE2E44 /* YZWFifthViewController.h */ = {isa = PBXFileReference; fileEncoding = 4; lastKnownFileType = sourcecode.c.h; path = YZWFifthViewController.h; sourceTree = "<group>"; };
		0C55A8441E519DE500AE2E44 /* YZWFifthViewController.m */ = {isa = PBXFileReference; fileEncoding = 4; lastKnownFileType = sourcecode.c.objc; path = YZWFifthViewController.m; sourceTree = "<group>"; };
		0C55A8461E519E0600AE2E44 /* ZWRootViewController.h */ = {isa = PBXFileReference; fileEncoding = 4; lastKnownFileType = sourcecode.c.h; path = ZWRootViewController.h; sourceTree = "<group>"; };
		0C55A8471E519E0600AE2E44 /* ZWRootViewController.m */ = {isa = PBXFileReference; fileEncoding = 4; lastKnownFileType = sourcecode.c.objc; path = ZWRootViewController.m; sourceTree = "<group>"; };
		0C55A8491E519FAB00AE2E44 /* PrefixHeader.pch */ = {isa = PBXFileReference; lastKnownFileType = sourcecode.c.h; path = PrefixHeader.pch; sourceTree = "<group>"; };
		2F5C95F3356C06B1286E8718 /* libPods-ZWCycleImageView.a */ = {isa = PBXFileReference; explicitFileType = archive.ar; includeInIndex = 0; path = "libPods-ZWCycleImageView.a"; sourceTree = BUILT_PRODUCTS_DIR; };
		81C2FEDAFEF9BC97C7D5E148 /* Pods-ZWCycleImageView.release.xcconfig */ = {isa = PBXFileReference; includeInIndex = 1; lastKnownFileType = text.xcconfig; name = "Pods-ZWCycleImageView.release.xcconfig"; path = "Pods/Target Support Files/Pods-ZWCycleImageView/Pods-ZWCycleImageView.release.xcconfig"; sourceTree = "<group>"; };
		BA67AB9F72D19F91C9A6E997 /* Pods-ZWCycleImageView.debug.xcconfig */ = {isa = PBXFileReference; includeInIndex = 1; lastKnownFileType = text.xcconfig; name = "Pods-ZWCycleImageView.debug.xcconfig"; path = "Pods/Target Support Files/Pods-ZWCycleImageView/Pods-ZWCycleImageView.debug.xcconfig"; sourceTree = "<group>"; };
/* End PBXFileReference section */

/* Begin PBXFrameworksBuildPhase section */
		0C55A76D1E51533900AE2E44 /* Frameworks */ = {
			isa = PBXFrameworksBuildPhase;
			buildActionMask = 2147483647;
			files = (
				820738F9A1CA23D35F306575 /* libPods-ZWCycleImageView.a in Frameworks */,
			);
			runOnlyForDeploymentPostprocessing = 0;
		};
/* End PBXFrameworksBuildPhase section */

/* Begin PBXGroup section */
		0C55A7671E51533900AE2E44 = {
			isa = PBXGroup;
			children = (
				0C55A7721E51533900AE2E44 /* ZWCycleImageView */,
				0C55A7711E51533900AE2E44 /* Products */,
				27C031904C986C129DE2EB7E /* Pods */,
				8F440A8596744A2A08D6C36E /* Frameworks */,
			);
			sourceTree = "<group>";
		};
		0C55A7711E51533900AE2E44 /* Products */ = {
			isa = PBXGroup;
			children = (
				0C55A7701E51533900AE2E44 /* ZWCycleImageView.app */,
			);
			name = Products;
			sourceTree = "<group>";
		};
		0C55A7721E51533900AE2E44 /* ZWCycleImageView */ = {
			isa = PBXGroup;
			children = (
				0C55A7761E51533900AE2E44 /* AppDelegate.h */,
				0C55A7771E51533900AE2E44 /* AppDelegate.m */,
				0C55A7F61E5197D100AE2E44 /* MYControllers */,
				0C55A7B91E51801000AE2E44 /* ZWUtilities */,
				0C55A7A11E515FFD00AE2E44 /* ZWImages */,
				0C55A78A1E51591300AE2E44 /* ZWCycleImageFrameworks */,
				0C55A7731E51533900AE2E44 /* Supporting Files */,
			);
			path = ZWCycleImageView;
			sourceTree = "<group>";
		};
		0C55A7731E51533900AE2E44 /* Supporting Files */ = {
			isa = PBXGroup;
			children = (
				0C55A77C1E51533900AE2E44 /* Main.storyboard */,
				0C55A77F1E51533900AE2E44 /* Assets.xcassets */,
				0C55A7811E51533900AE2E44 /* LaunchScreen.storyboard */,
				0C55A7841E51533900AE2E44 /* Info.plist */,
				0C55A7741E51533900AE2E44 /* main.m */,
				0C55A8491E519FAB00AE2E44 /* PrefixHeader.pch */,
			);
			name = "Supporting Files";
			sourceTree = "<group>";
		};
		0C55A78A1E51591300AE2E44 /* ZWCycleImageFrameworks */ = {
			isa = PBXGroup;
			children = (
				0C55A78B1E51591300AE2E44 /* PageControl */,
				0C55A7941E51591300AE2E44 /* ZWCollectionViewCell.h */,
				0C55A7951E51591300AE2E44 /* ZWCollectionViewCell.m */,
				0C55A7961E51591300AE2E44 /* ZWCycleImageView.h */,
				0C55A7971E51591300AE2E44 /* ZWCycleImageView.m */,
				0C55A7981E51591300AE2E44 /* UIView+SDExtension.h */,
				0C55A7991E51591300AE2E44 /* UIView+SDExtension.m */,
			);
			path = ZWCycleImageFrameworks;
			sourceTree = "<group>";
		};
		0C55A78B1E51591300AE2E44 /* PageControl */ = {
			isa = PBXGroup;
			children = (
				0C55A78C1E51591300AE2E44 /* TAAbstractDotView.h */,
				0C55A78D1E51591300AE2E44 /* TAAbstractDotView.m */,
				0C55A78E1E51591300AE2E44 /* TAAnimatedDotView.h */,
				0C55A78F1E51591300AE2E44 /* TAAnimatedDotView.m */,
				0C55A7901E51591300AE2E44 /* TADotView.h */,
				0C55A7911E51591300AE2E44 /* TADotView.m */,
				0C55A7921E51591300AE2E44 /* TAPageControl.h */,
				0C55A7931E51591300AE2E44 /* TAPageControl.m */,
			);
			path = PageControl;
			sourceTree = "<group>";
		};
		0C55A7A11E515FFD00AE2E44 /* ZWImages */ = {
			isa = PBXGroup;
			children = (
				0C55A8081E519C4D00AE2E44 /* tabbarImages */,
				0C55A7A21E51601A00AE2E44 /* 005.jpg */,
				0C55A7A31E51601A00AE2E44 /* h1.jpg */,
				0C55A7A41E51601A00AE2E44 /* h2.jpg */,
				0C55A7A51E51601A00AE2E44 /* h3.jpg */,
				0C55A7A61E51601A00AE2E44 /* h4.jpg */,
				0C55A7A71E51601A00AE2E44 /* pageControlCurrentDot@2x.png */,
				0C55A7A81E51601A00AE2E44 /* pageControlCurrentDot@3x.png */,
				0C55A7A91E51601A00AE2E44 /* pageControlDot@2x.png */,
				0C55A7AA1E51601A00AE2E44 /* pageControlDot@3x.png */,
				0C55A7AB1E51601A00AE2E44 /* placeholder@2x.png */,
			);
			path = ZWImages;
			sourceTree = "<group>";
		};
		0C55A7B91E51801000AE2E44 /* ZWUtilities */ = {
			isa = PBXGroup;
			children = (
				0C55A7BA1E51802F00AE2E44 /* ZWHelper.h */,
				0C55A7BB1E51802F00AE2E44 /* ZWHelper.m */,
				0C55A7BD1E5181BC00AE2E44 /* ZWAFNetworking.h */,
				0C55A7BE1E5181BC00AE2E44 /* ZWAFNetworking.m */,
			);
			path = ZWUtilities;
			sourceTree = "<group>";
		};
		0C55A7F61E5197D100AE2E44 /* MYControllers */ = {
			isa = PBXGroup;
			children = (
				0C55A8411E519DA300AE2E44 /* ZWRootViewController */,
				0C55A7F71E5197D100AE2E44 /* YZWFirstViewController */,
				0C55A7F91E5197D100AE2E44 /* YZWSecondViewController */,
				0C55A7FB1E5197D100AE2E44 /* YZWThirdViewController */,
				0C55A7F81E5197D100AE2E44 /* YZWFourthViewController */,
				0C55A8421E519DAF00AE2E44 /* YZWFifthViewController */,
			);
			path = MYControllers;
			sourceTree = "<group>";
		};
		0C55A7F71E5197D100AE2E44 /* YZWFirstViewController */ = {
			isa = PBXGroup;
			children = (
				0C55A7FC1E51980A00AE2E44 /* YZWFirstViewController.h */,
				0C55A7FD1E51980A00AE2E44 /* YZWFirstViewController.m */,
				0C55A7B61E51681900AE2E44 /* ZWCycleImageDEMOViewController.h */,
				0C55A7B71E51681900AE2E44 /* ZWCycleImageDEMOViewController.m */,
			);
			path = YZWFirstViewController;
			sourceTree = "<group>";
		};
		0C55A7F81E5197D100AE2E44 /* YZWFourthViewController */ = {
			isa = PBXGroup;
			children = (
				0C55A8051E51984000AE2E44 /* YZWFourthViewController.h */,
				0C55A8061E51984000AE2E44 /* YZWFourthViewController.m */,
			);
			path = YZWFourthViewController;
			sourceTree = "<group>";
		};
		0C55A7F91E5197D100AE2E44 /* YZWSecondViewController */ = {
			isa = PBXGroup;
			children = (
				0C55A7FF1E51982200AE2E44 /* YZWSecondViewController.h */,
				0C55A8001E51982200AE2E44 /* YZWSecondViewController.m */,
			);
			path = YZWSecondViewController;
			sourceTree = "<group>";
		};
		0C55A7FB1E5197D100AE2E44 /* YZWThirdViewController */ = {
			isa = PBXGroup;
			children = (
				0C55A8021E51983000AE2E44 /* YZWThirdViewController.h */,
				0C55A8031E51983000AE2E44 /* YZWThirdViewController.m */,
			);
			path = YZWThirdViewController;
			sourceTree = "<group>";
		};
		0C55A8081E519C4D00AE2E44 /* tabbarImages */ = {
			isa = PBXGroup;
			children = (
				0C55A8091E519C4D00AE2E44 /* fifth_normal.png */,
				0C55A80A1E519C4D00AE2E44 /* fifth_normal@2x.png */,
				0C55A80B1E519C4D00AE2E44 /* fifth_selected.png */,
				0C55A80C1E519C4D00AE2E44 /* fifth_selected@2x.png */,
				0C55A80D1E519C4D00AE2E44 /* first_normal.png */,
				0C55A80E1E519C4D00AE2E44 /* first_normal@2x.png */,
				0C55A80F1E519C4D00AE2E44 /* first_selected.png */,
				0C55A8101E519C4D00AE2E44 /* first_selected@2x.png */,
				0C55A8111E519C4D00AE2E44 /* fourth_normal.png */,
				0C55A8121E519C4D00AE2E44 /* fourth_normal@2x.png */,
				0C55A8131E519C4D00AE2E44 /* fourth_selected.png */,
				0C55A8141E519C4D00AE2E44 /* fourth_selected@2x.png */,
				0C55A8151E519C4D00AE2E44 /* navigationbar_background.png */,
				0C55A8161E519C4D00AE2E44 /* navigationbar_background@2x.png */,
				0C55A8171E519C4D00AE2E44 /* navigationbar_background_tall.png */,
				0C55A8181E519C4D00AE2E44 /* navigationbar_background_tall@2x.png */,
				0C55A8191E519C4D00AE2E44 /* second_normal.png */,
				0C55A81A1E519C4D00AE2E44 /* second_normal@2x.png */,
				0C55A81B1E519C4D00AE2E44 /* second_selected.png */,
				0C55A81C1E519C4D00AE2E44 /* second_selected@2x.png */,
				0C55A81D1E519C4D00AE2E44 /* tabbar_normal_background.png */,
				0C55A81E1E519C4D00AE2E44 /* tabbar_normal_background@2x.png */,
				0C55A81F1E519C4D00AE2E44 /* tabbar_selected_background.png */,
				0C55A8201E519C4D00AE2E44 /* tabbar_selected_background@2x.png */,
				0C55A8211E519C4D00AE2E44 /* third_normal.png */,
				0C55A8221E519C4D00AE2E44 /* third_normal@2x.png */,
				0C55A8231E519C4D00AE2E44 /* third_selected.png */,
				0C55A8241E519C4D00AE2E44 /* third_selected@2x.png */,
			);
			path = tabbarImages;
			sourceTree = "<group>";
		};
		0C55A8411E519DA300AE2E44 /* ZWRootViewController */ = {
			isa = PBXGroup;
			children = (
				0C55A8461E519E0600AE2E44 /* ZWRootViewController.h */,
				0C55A8471E519E0600AE2E44 /* ZWRootViewController.m */,
			);
			name = ZWRootViewController;
			path = ZWRootView;
			sourceTree = "<group>";
		};
		0C55A8421E519DAF00AE2E44 /* YZWFifthViewController */ = {
			isa = PBXGroup;
			children = (
				0C55A8431E519DE500AE2E44 /* YZWFifthViewController.h */,
				0C55A8441E519DE500AE2E44 /* YZWFifthViewController.m */,
			);
			name = YZWFifthViewController;
			path = ZWCycleImageView/MYControllers/YZWFifthViewController;
			sourceTree = SOURCE_ROOT;
		};
		27C031904C986C129DE2EB7E /* Pods */ = {
			isa = PBXGroup;
			children = (
				BA67AB9F72D19F91C9A6E997 /* Pods-ZWCycleImageView.debug.xcconfig */,
				81C2FEDAFEF9BC97C7D5E148 /* Pods-ZWCycleImageView.release.xcconfig */,
			);
			name = Pods;
			sourceTree = "<group>";
		};
		8F440A8596744A2A08D6C36E /* Frameworks */ = {
			isa = PBXGroup;
			children = (
				2F5C95F3356C06B1286E8718 /* libPods-ZWCycleImageView.a */,
			);
			name = Frameworks;
			sourceTree = "<group>";
		};
/* End PBXGroup section */

/* Begin PBXNativeTarget section */
		0C55A76F1E51533900AE2E44 /* ZWCycleImageView */ = {
			isa = PBXNativeTarget;
			buildConfigurationList = 0C55A7871E51533900AE2E44 /* Build configuration list for PBXNativeTarget "ZWCycleImageView" */;
			buildPhases = (
				035E8EB32658815E48852B4F /* [CP] Check Pods Manifest.lock */,
				0C55A76C1E51533900AE2E44 /* Sources */,
				0C55A76D1E51533900AE2E44 /* Frameworks */,
				0C55A76E1E51533900AE2E44 /* Resources */,
				D2DD5866DF700BA0252258D0 /* [CP] Embed Pods Frameworks */,
				CDA437A5CF32F2D90B04AC0F /* [CP] Copy Pods Resources */,
			);
			buildRules = (
			);
			dependencies = (
			);
			name = ZWCycleImageView;
			productName = ZWCycleImageView;
			productReference = 0C55A7701E51533900AE2E44 /* ZWCycleImageView.app */;
			productType = "com.apple.product-type.application";
		};
/* End PBXNativeTarget section */

/* Begin PBXProject section */
		0C55A7681E51533900AE2E44 /* Project object */ = {
			isa = PBXProject;
			attributes = {
				LastUpgradeCheck = 0820;
				ORGANIZATIONNAME = "http://blog.csdn.net/sun2728";
				TargetAttributes = {
					0C55A76F1E51533900AE2E44 = {
						CreatedOnToolsVersion = 8.2.1;
						ProvisioningStyle = Automatic;
					};
				};
			};
			buildConfigurationList = 0C55A76B1E51533900AE2E44 /* Build configuration list for PBXProject "ZWCycleImageView" */;
			compatibilityVersion = "Xcode 3.2";
			developmentRegion = English;
			hasScannedForEncodings = 0;
			knownRegions = (
				en,
				Base,
			);
			mainGroup = 0C55A7671E51533900AE2E44;
			productRefGroup = 0C55A7711E51533900AE2E44 /* Products */;
			projectDirPath = "";
			projectRoot = "";
			targets = (
				0C55A76F1E51533900AE2E44 /* ZWCycleImageView */,
			);
		};
/* End PBXProject section */

/* Begin PBXResourcesBuildPhase section */
		0C55A76E1E51533900AE2E44 /* Resources */ = {
			isa = PBXResourcesBuildPhase;
			buildActionMask = 2147483647;
			files = (
				0C55A82D1E519C4D00AE2E44 /* fourth_normal.png in Resources */,
				0C55A7B41E51601A00AE2E44 /* pageControlDot@3x.png in Resources */,
				0C55A82B1E519C4D00AE2E44 /* first_selected.png in Resources */,
				0C55A7AF1E51601A00AE2E44 /* h3.jpg in Resources */,
				0C55A8381E519C4D00AE2E44 /* second_selected@2x.png in Resources */,
				0C55A83E1E519C4D00AE2E44 /* third_normal@2x.png in Resources */,
				0C55A8401E519C4D00AE2E44 /* third_selected@2x.png in Resources */,
				0C55A7B11E51601A00AE2E44 /* pageControlCurrentDot@2x.png in Resources */,
				0C55A83C1E519C4D00AE2E44 /* tabbar_selected_background@2x.png in Resources */,
				0C55A82C1E519C4D00AE2E44 /* first_selected@2x.png in Resources */,
				0C55A82F1E519C4D00AE2E44 /* fourth_selected.png in Resources */,
				0C55A7B51E51601A00AE2E44 /* placeholder@2x.png in Resources */,
				0C55A8331E519C4D00AE2E44 /* navigationbar_background_tall.png in Resources */,
				0C55A7B01E51601A00AE2E44 /* h4.jpg in Resources */,
				0C55A8371E519C4D00AE2E44 /* second_selected.png in Resources */,
				0C55A7AD1E51601A00AE2E44 /* h1.jpg in Resources */,
				0C55A7B21E51601A00AE2E44 /* pageControlCurrentDot@3x.png in Resources */,
				0C55A83F1E519C4D00AE2E44 /* third_selected.png in Resources */,
				0C55A8291E519C4D00AE2E44 /* first_normal.png in Resources */,
				0C55A8301E519C4D00AE2E44 /* fourth_selected@2x.png in Resources */,
				0C55A8361E519C4D00AE2E44 /* second_normal@2x.png in Resources */,
				0C55A83D1E519C4D00AE2E44 /* third_normal.png in Resources */,
				0C55A7831E51533900AE2E44 /* LaunchScreen.storyboard in Resources */,
				0C55A8321E519C4D00AE2E44 /* navigationbar_background@2x.png in Resources */,
				0C55A82E1E519C4D00AE2E44 /* fourth_normal@2x.png in Resources */,
				0C55A83B1E519C4D00AE2E44 /* tabbar_selected_background.png in Resources */,
				0C55A7801E51533900AE2E44 /* Assets.xcassets in Resources */,
				0C55A8281E519C4D00AE2E44 /* fifth_selected@2x.png in Resources */,
				0C55A7B31E51601A00AE2E44 /* pageControlDot@2x.png in Resources */,
				0C55A8251E519C4D00AE2E44 /* fifth_normal.png in Resources */,
				0C55A8261E519C4D00AE2E44 /* fifth_normal@2x.png in Resources */,
				0C55A7AE1E51601A00AE2E44 /* h2.jpg in Resources */,
				0C55A8311E519C4D00AE2E44 /* navigationbar_background.png in Resources */,
				0C55A82A1E519C4D00AE2E44 /* first_normal@2x.png in Resources */,
				0C55A77E1E51533900AE2E44 /* Main.storyboard in Resources */,
				0C55A8351E519C4D00AE2E44 /* second_normal.png in Resources */,
				0C55A83A1E519C4D00AE2E44 /* tabbar_normal_background@2x.png in Resources */,
				0C55A8271E519C4D00AE2E44 /* fifth_selected.png in Resources */,
				0C55A8341E519C4D00AE2E44 /* navigationbar_background_tall@2x.png in Resources */,
				0C55A8391E519C4D00AE2E44 /* tabbar_normal_background.png in Resources */,
				0C55A7AC1E51601A00AE2E44 /* 005.jpg in Resources */,
			);
			runOnlyForDeploymentPostprocessing = 0;
		};
/* End PBXResourcesBuildPhase section */

/* Begin PBXShellScriptBuildPhase section */
		035E8EB32658815E48852B4F /* [CP] Check Pods Manifest.lock */ = {
			isa = PBXShellScriptBuildPhase;
			buildActionMask = 2147483647;
			files = (
			);
			inputPaths = (
			);
			name = "[CP] Check Pods Manifest.lock";
			outputPaths = (
			);
			runOnlyForDeploymentPostprocessing = 0;
			shellPath = /bin/sh;
			shellScript = "diff \"${PODS_ROOT}/../Podfile.lock\" \"${PODS_ROOT}/Manifest.lock\" > /dev/null\nif [ $? != 0 ] ; then\n    # print error to STDERR\n    echo \"error: The sandbox is not in sync with the Podfile.lock. Run 'pod install' or update your CocoaPods installation.\" >&2\n    exit 1\nfi\n";
			showEnvVarsInLog = 0;
		};
		CDA437A5CF32F2D90B04AC0F /* [CP] Copy Pods Resources */ = {
			isa = PBXShellScriptBuildPhase;
			buildActionMask = 2147483647;
			files = (
			);
			inputPaths = (
			);
			name = "[CP] Copy Pods Resources";
			outputPaths = (
			);
			runOnlyForDeploymentPostprocessing = 0;
			shellPath = /bin/sh;
			shellScript = "\"${SRCROOT}/Pods/Target Support Files/Pods-ZWCycleImageView/Pods-ZWCycleImageView-resources.sh\"\n";
			showEnvVarsInLog = 0;
		};
		D2DD5866DF700BA0252258D0 /* [CP] Embed Pods Frameworks */ = {
			isa = PBXShellScriptBuildPhase;
			buildActionMask = 2147483647;
			files = (
			);
			inputPaths = (
			);
			name = "[CP] Embed Pods Frameworks";
			outputPaths = (
			);
			runOnlyForDeploymentPostprocessing = 0;
			shellPath = /bin/sh;
			shellScript = "\"${SRCROOT}/Pods/Target Support Files/Pods-ZWCycleImageView/Pods-ZWCycleImageView-frameworks.sh\"\n";
			showEnvVarsInLog = 0;
		};
/* End PBXShellScriptBuildPhase section */

/* Begin PBXSourcesBuildPhase section */
		0C55A76C1E51533900AE2E44 /* Sources */ = {
			isa = PBXSourcesBuildPhase;
			buildActionMask = 2147483647;
			files = (
				0C55A79D1E51591300AE2E44 /* TAPageControl.m in Sources */,
				0C55A7FE1E51980A00AE2E44 /* YZWFirstViewController.m in Sources */,
				0C55A7BC1E51802F00AE2E44 /* ZWHelper.m in Sources */,
				0C55A79C1E51591300AE2E44 /* TADotView.m in Sources */,
				0C55A8011E51982200AE2E44 /* YZWSecondViewController.m in Sources */,
				0C55A8481E519E0600AE2E44 /* ZWRootViewController.m in Sources */,
				0C55A7A01E51591300AE2E44 /* UIView+SDExtension.m in Sources */,
				0C55A8041E51983000AE2E44 /* YZWThirdViewController.m in Sources */,
				0C55A8071E51984000AE2E44 /* YZWFourthViewController.m in Sources */,
				0C55A79A1E51591300AE2E44 /* TAAbstractDotView.m in Sources */,
				0C55A79F1E51591300AE2E44 /* ZWCycleImageView.m in Sources */,
				0C55A7781E51533900AE2E44 /* AppDelegate.m in Sources */,
				0C55A7B81E51681900AE2E44 /* ZWCycleImageDEMOViewController.m in Sources */,
				0C55A79B1E51591300AE2E44 /* TAAnimatedDotView.m in Sources */,
				0C55A8451E519DE500AE2E44 /* YZWFifthViewController.m in Sources */,
				0C55A7751E51533900AE2E44 /* main.m in Sources */,
				0C55A79E1E51591300AE2E44 /* ZWCollectionViewCell.m in Sources */,
				0C55A7BF1E5181BC00AE2E44 /* ZWAFNetworking.m in Sources */,
			);
			runOnlyForDeploymentPostprocessing = 0;
		};
/* End PBXSourcesBuildPhase section */

/* Begin PBXVariantGroup section */
		0C55A77C1E51533900AE2E44 /* Main.storyboard */ = {
			isa = PBXVariantGroup;
			children = (
				0C55A77D1E51533900AE2E44 /* Base */,
			);
			name = Main.storyboard;
			sourceTree = "<group>";
		};
		0C55A7811E51533900AE2E44 /* LaunchScreen.storyboard */ = {
			isa = PBXVariantGroup;
			children = (
				0C55A7821E51533900AE2E44 /* Base */,
			);
			name = LaunchScreen.storyboard;
			sourceTree = "<group>";
		};
/* End PBXVariantGroup section */

/* Begin XCBuildConfiguration section */
		0C55A7851E51533900AE2E44 /* Debug */ = {
			isa = XCBuildConfiguration;
			buildSettings = {
				ALWAYS_SEARCH_USER_PATHS = NO;
				CLANG_ANALYZER_NONNULL = YES;
				CLANG_CXX_LANGUAGE_STANDARD = "gnu++0x";
				CLANG_CXX_LIBRARY = "libc++";
				CLANG_ENABLE_MODULES = YES;
				CLANG_ENABLE_OBJC_ARC = YES;
				CLANG_WARN_BOOL_CONVERSION = YES;
				CLANG_WARN_CONSTANT_CONVERSION = YES;
				CLANG_WARN_DIRECT_OBJC_ISA_USAGE = YES_ERROR;
				CLANG_WARN_DOCUMENTATION_COMMENTS = YES;
				CLANG_WARN_EMPTY_BODY = YES;
				CLANG_WARN_ENUM_CONVERSION = YES;
				CLANG_WARN_INFINITE_RECURSION = YES;
				CLANG_WARN_INT_CONVERSION = YES;
				CLANG_WARN_OBJC_ROOT_CLASS = YES_ERROR;
				CLANG_WARN_SUSPICIOUS_MOVE = YES;
				CLANG_WARN_UNREACHABLE_CODE = YES;
				CLANG_WARN__DUPLICATE_METHOD_MATCH = YES;
				"CODE_SIGN_IDENTITY[sdk=iphoneos*]" = "iPhone Developer";
				COPY_PHASE_STRIP = NO;
				DEBUG_INFORMATION_FORMAT = dwarf;
				ENABLE_STRICT_OBJC_MSGSEND = YES;
				ENABLE_TESTABILITY = YES;
				GCC_C_LANGUAGE_STANDARD = gnu99;
				GCC_DYNAMIC_NO_PIC = NO;
				GCC_NO_COMMON_BLOCKS = YES;
				GCC_OPTIMIZATION_LEVEL = 0;
				GCC_PREPROCESSOR_DEFINITIONS = (
					"DEBUG=1",
					"$(inherited)",
				);
				GCC_WARN_64_TO_32_BIT_CONVERSION = YES;
				GCC_WARN_ABOUT_RETURN_TYPE = YES_ERROR;
				GCC_WARN_UNDECLARED_SELECTOR = YES;
				GCC_WARN_UNINITIALIZED_AUTOS = YES_AGGRESSIVE;
				GCC_WARN_UNUSED_FUNCTION = YES;
				GCC_WARN_UNUSED_VARIABLE = YES;
				IPHONEOS_DEPLOYMENT_TARGET = 10.2;
				MTL_ENABLE_DEBUG_INFO = YES;
				ONLY_ACTIVE_ARCH = YES;
				SDKROOT = iphoneos;
			};
			name = Debug;
		};
		0C55A7861E51533900AE2E44 /* Release */ = {
			isa = XCBuildConfiguration;
			buildSettings = {
				ALWAYS_SEARCH_USER_PATHS = NO;
				CLANG_ANALYZER_NONNULL = YES;
				CLANG_CXX_LANGUAGE_STANDARD = "gnu++0x";
				CLANG_CXX_LIBRARY = "libc++";
				CLANG_ENABLE_MODULES = YES;
				CLANG_ENABLE_OBJC_ARC = YES;
				CLANG_WARN_BOOL_CONVERSION = YES;
				CLANG_WARN_CONSTANT_CONVERSION = YES;
				CLANG_WARN_DIRECT_OBJC_ISA_USAGE = YES_ERROR;
				CLANG_WARN_DOCUMENTATION_COMMENTS = YES;
				CLANG_WARN_EMPTY_BODY = YES;
				CLANG_WARN_ENUM_CONVERSION = YES;
				CLANG_WARN_INFINITE_RECURSION = YES;
				CLANG_WARN_INT_CONVERSION = YES;
				CLANG_WARN_OBJC_ROOT_CLASS = YES_ERROR;
				CLANG_WARN_SUSPICIOUS_MOVE = YES;
				CLANG_WARN_UNREACHABLE_CODE = YES;
				CLANG_WARN__DUPLICATE_METHOD_MATCH = YES;
				"CODE_SIGN_IDENTITY[sdk=iphoneos*]" = "iPhone Developer";
				COPY_PHASE_STRIP = NO;
				DEBUG_INFORMATION_FORMAT = "dwarf-with-dsym";
				ENABLE_NS_ASSERTIONS = NO;
				ENABLE_STRICT_OBJC_MSGSEND = YES;
				GCC_C_LANGUAGE_STANDARD = gnu99;
				GCC_NO_COMMON_BLOCKS = YES;
				GCC_WARN_64_TO_32_BIT_CONVERSION = YES;
				GCC_WARN_ABOUT_RETURN_TYPE = YES_ERROR;
				GCC_WARN_UNDECLARED_SELECTOR = YES;
				GCC_WARN_UNINITIALIZED_AUTOS = YES_AGGRESSIVE;
				GCC_WARN_UNUSED_FUNCTION = YES;
				GCC_WARN_UNUSED_VARIABLE = YES;
				IPHONEOS_DEPLOYMENT_TARGET = 10.2;
				MTL_ENABLE_DEBUG_INFO = NO;
				SDKROOT = iphoneos;
				VALIDATE_PRODUCT = YES;
			};
			name = Release;
		};
		0C55A7881E51533900AE2E44 /* Debug */ = {
			isa = XCBuildConfiguration;
			baseConfigurationReference = BA67AB9F72D19F91C9A6E997 /* Pods-ZWCycleImageView.debug.xcconfig */;
			buildSettings = {
				ASSETCATALOG_COMPILER_APPICON_NAME = AppIcon;
				GCC_PREFIX_HEADER = ZWCycleImageView/PrefixHeader.pch;
				INFOPLIST_FILE = ZWCycleImageView/Info.plist;
				LD_RUNPATH_SEARCH_PATHS = "$(inherited) @executable_path/Frameworks";
				PRODUCT_BUNDLE_IDENTIFIER = liam.ZWCycleImageView;
				PRODUCT_NAME = "$(TARGET_NAME)";
			};
			name = Debug;
		};
		0C55A7891E51533900AE2E44 /* Release */ = {
			isa = XCBuildConfiguration;
			baseConfigurationReference = 81C2FEDAFEF9BC97C7D5E148 /* Pods-ZWCycleImageView.release.xcconfig */;
			buildSettings = {
				ASSETCATALOG_COMPILER_APPICON_NAME = AppIcon;
				GCC_PREFIX_HEADER = ZWCycleImageView/PrefixHeader.pch;
				INFOPLIST_FILE = ZWCycleImageView/Info.plist;
				LD_RUNPATH_SEARCH_PATHS = "$(inherited) @executable_path/Frameworks";
				PRODUCT_BUNDLE_IDENTIFIER = liam.ZWCycleImageView;
				PRODUCT_NAME = "$(TARGET_NAME)";
			};
			name = Release;
		};
/* End XCBuildConfiguration section */

/* Begin XCConfigurationList section */
		0C55A76B1E51533900AE2E44 /* Build configuration list for PBXProject "ZWCycleImageView" */ = {
			isa = XCConfigurationList;
			buildConfigurations = (
				0C55A7851E51533900AE2E44 /* Debug */,
				0C55A7861E51533900AE2E44 /* Release */,
			);
			defaultConfigurationIsVisible = 0;
			defaultConfigurationName = Release;
		};
		0C55A7871E51533900AE2E44 /* Build configuration list for PBXNativeTarget "ZWCycleImageView" */ = {
			isa = XCConfigurationList;
			buildConfigurations = (
				0C55A7881E51533900AE2E44 /* Debug */,
				0C55A7891E51533900AE2E44 /* Release */,
			);
			defaultConfigurationIsVisible = 0;
			defaultConfigurationName = Release;
		};
/* End XCConfigurationList section */
	};
	rootObject = 0C55A7681E51533900AE2E44 /* Project object */;
}
